// !$*UTF8*$!
{
	archiveVersion = 1;
	classes = {
	};
	objectVersion = 55;
	objects = {

/* Begin PBXBuildFile section */
		8910FB102881648700F8476A /* Firebase in Resources */ = {isa = PBXBuildFile; fileRef = 8910FB0F2881648700F8476A /* Firebase */; };
		89D266B428815D1100236AD2 /* AppDelegate.swift in Sources */ = {isa = PBXBuildFile; fileRef = 89D266B328815D1100236AD2 /* AppDelegate.swift */; };
		89D266B628815D1100236AD2 /* SceneDelegate.swift in Sources */ = {isa = PBXBuildFile; fileRef = 89D266B528815D1100236AD2 /* SceneDelegate.swift */; };
		89D266B828815D1100236AD2 /* ViewController.swift in Sources */ = {isa = PBXBuildFile; fileRef = 89D266B728815D1100236AD2 /* ViewController.swift */; };
		89D266BB28815D1100236AD2 /* Main.storyboard in Resources */ = {isa = PBXBuildFile; fileRef = 89D266B928815D1100236AD2 /* Main.storyboard */; };
		89D266BD28815D1300236AD2 /* Assets.xcassets in Resources */ = {isa = PBXBuildFile; fileRef = 89D266BC28815D1300236AD2 /* Assets.xcassets */; };
		89D266C028815D1300236AD2 /* LaunchScreen.storyboard in Resources */ = {isa = PBXBuildFile; fileRef = 89D266BE28815D1300236AD2 /* LaunchScreen.storyboard */; };
		93E6B6C56D606583B35896F9 /* Pods_FirebaseConfig.framework in Frameworks */ = {isa = PBXBuildFile; fileRef = B8E23E9E615F57D26AFAF995 /* Pods_FirebaseConfig.framework */; };
/* End PBXBuildFile section */

/* Begin PBXFileReference section */
		056C31BE830B97DDE9C32981 /* Pods-FirebaseConfig.debug.xcconfig */ = {isa = PBXFileReference; includeInIndex = 1; lastKnownFileType = text.xcconfig; name = "Pods-FirebaseConfig.debug.xcconfig"; path = "Target Support Files/Pods-FirebaseConfig/Pods-FirebaseConfig.debug.xcconfig"; sourceTree = "<group>"; };
		71AA0837D0EC7DEA93F2257D /* Pods-FirebaseConfig.release.xcconfig */ = {isa = PBXFileReference; includeInIndex = 1; lastKnownFileType = text.xcconfig; name = "Pods-FirebaseConfig.release.xcconfig"; path = "Target Support Files/Pods-FirebaseConfig/Pods-FirebaseConfig.release.xcconfig"; sourceTree = "<group>"; };
		8910FB0F2881648700F8476A /* Firebase */ = {isa = PBXFileReference; lastKnownFileType = folder; path = Firebase; sourceTree = "<group>"; };
		89D266B028815D1100236AD2 /* FirebaseConfig.app */ = {isa = PBXFileReference; explicitFileType = wrapper.application; includeInIndex = 0; path = FirebaseConfig.app; sourceTree = BUILT_PRODUCTS_DIR; };
		89D266B328815D1100236AD2 /* AppDelegate.swift */ = {isa = PBXFileReference; lastKnownFileType = sourcecode.swift; path = AppDelegate.swift; sourceTree = "<group>"; };
		89D266B528815D1100236AD2 /* SceneDelegate.swift */ = {isa = PBXFileReference; lastKnownFileType = sourcecode.swift; path = SceneDelegate.swift; sourceTree = "<group>"; };
		89D266B728815D1100236AD2 /* ViewController.swift */ = {isa = PBXFileReference; lastKnownFileType = sourcecode.swift; path = ViewController.swift; sourceTree = "<group>"; };
		89D266BA28815D1100236AD2 /* Base */ = {isa = PBXFileReference; lastKnownFileType = file.storyboard; name = Base; path = Base.lproj/Main.storyboard; sourceTree = "<group>"; };
		89D266BC28815D1300236AD2 /* Assets.xcassets */ = {isa = PBXFileReference; lastKnownFileType = folder.assetcatalog; path = Assets.xcassets; sourceTree = "<group>"; };
		89D266BF28815D1300236AD2 /* Base */ = {isa = PBXFileReference; lastKnownFileType = file.storyboard; name = Base; path = Base.lproj/LaunchScreen.storyboard; sourceTree = "<group>"; };
		89D266C128815D1300236AD2 /* Info.plist */ = {isa = PBXFileReference; lastKnownFileType = text.plist.xml; path = Info.plist; sourceTree = "<group>"; };
		B8E23E9E615F57D26AFAF995 /* Pods_FirebaseConfig.framework */ = {isa = PBXFileReference; explicitFileType = wrapper.framework; includeInIndex = 0; path = Pods_FirebaseConfig.framework; sourceTree = BUILT_PRODUCTS_DIR; };
/* End PBXFileReference section */

/* Begin PBXFrameworksBuildPhase section */
		89D266AD28815D1100236AD2 /* Frameworks */ = {
			isa = PBXFrameworksBuildPhase;
			buildActionMask = 2147483647;
			files = (
				93E6B6C56D606583B35896F9 /* Pods_FirebaseConfig.framework in Frameworks */,
			);
			runOnlyForDeploymentPostprocessing = 0;
		};
/* End PBXFrameworksBuildPhase section */

/* Begin PBXGroup section */
		7E1B69E8866F4A29B04E8316 /* Frameworks */ = {
			isa = PBXGroup;
			children = (
				B8E23E9E615F57D26AFAF995 /* Pods_FirebaseConfig.framework */,
			);
			name = Frameworks;
			sourceTree = "<group>";
		};
		89D266A728815D1100236AD2 = {
			isa = PBXGroup;
			children = (
				89D266B228815D1100236AD2 /* FirebaseConfig */,
				89D266B128815D1100236AD2 /* Products */,
				A59DDBF6182B3CDE7D6DDE3A /* Pods */,
				7E1B69E8866F4A29B04E8316 /* Frameworks */,
			);
			sourceTree = "<group>";
		};
		89D266B128815D1100236AD2 /* Products */ = {
			isa = PBXGroup;
			children = (
				89D266B028815D1100236AD2 /* FirebaseConfig.app */,
			);
			name = Products;
			sourceTree = "<group>";
		};
		89D266B228815D1100236AD2 /* FirebaseConfig */ = {
			isa = PBXGroup;
			children = (
				89D266B328815D1100236AD2 /* AppDelegate.swift */,
				89D266B528815D1100236AD2 /* SceneDelegate.swift */,
				89D266B728815D1100236AD2 /* ViewController.swift */,
				89D266B928815D1100236AD2 /* Main.storyboard */,
				89D266BC28815D1300236AD2 /* Assets.xcassets */,
				89D266BE28815D1300236AD2 /* LaunchScreen.storyboard */,
				8910FB0F2881648700F8476A /* Firebase */,
				89D266C128815D1300236AD2 /* Info.plist */,
			);
			path = FirebaseConfig;
			sourceTree = "<group>";
		};
		A59DDBF6182B3CDE7D6DDE3A /* Pods */ = {
			isa = PBXGroup;
			children = (
				056C31BE830B97DDE9C32981 /* Pods-FirebaseConfig.debug.xcconfig */,
				71AA0837D0EC7DEA93F2257D /* Pods-FirebaseConfig.release.xcconfig */,
			);
			path = Pods;
			sourceTree = "<group>";
		};
/* End PBXGroup section */

/* Begin PBXNativeTarget section */
		89D266AF28815D1100236AD2 /* FirebaseConfig */ = {
			isa = PBXNativeTarget;
			buildConfigurationList = 89D266C428815D1300236AD2 /* Build configuration list for PBXNativeTarget "FirebaseConfig" */;
			buildPhases = (
				15F002A2FBB4F5CF32D45C1E /* [CP] Check Pods Manifest.lock */,
				89D266AC28815D1100236AD2 /* Sources */,
				89D266AD28815D1100236AD2 /* Frameworks */,
				89D266AE28815D1100236AD2 /* Resources */,
				80C90C28AB6CED375D4CEA5B /* [CP] Embed Pods Frameworks */,
				8910FB112881703C00F8476A /* Google Analytics Run Script */,
			);
			buildRules = (
			);
			dependencies = (
			);
			name = FirebaseConfig;
			productName = FirebaseConfig;
			productReference = 89D266B028815D1100236AD2 /* FirebaseConfig.app */;
			productType = "com.apple.product-type.application";
		};
/* End PBXNativeTarget section */

/* Begin PBXProject section */
		89D266A828815D1100236AD2 /* Project object */ = {
			isa = PBXProject;
			attributes = {
				BuildIndependentTargetsInParallel = 1;
				LastSwiftUpdateCheck = 1330;
				LastUpgradeCheck = 1330;
				TargetAttributes = {
					89D266AF28815D1100236AD2 = {
						CreatedOnToolsVersion = 13.3;
					};
				};
			};
			buildConfigurationList = 89D266AB28815D1100236AD2 /* Build configuration list for PBXProject "FirebaseConfig" */;
			compatibilityVersion = "Xcode 13.0";
			developmentRegion = en;
			hasScannedForEncodings = 0;
			knownRegions = (
				en,
				Base,
			);
			mainGroup = 89D266A728815D1100236AD2;
			productRefGroup = 89D266B128815D1100236AD2 /* Products */;
			projectDirPath = "";
			projectRoot = "";
			targets = (
				89D266AF28815D1100236AD2 /* FirebaseConfig */,
			);
		};
/* End PBXProject section */

/* Begin PBXResourcesBuildPhase section */
		89D266AE28815D1100236AD2 /* Resources */ = {
			isa = PBXResourcesBuildPhase;
			buildActionMask = 2147483647;
			files = (
				89D266C028815D1300236AD2 /* LaunchScreen.storyboard in Resources */,
				8910FB102881648700F8476A /* Firebase in Resources */,
				89D266BD28815D1300236AD2 /* Assets.xcassets in Resources */,
				89D266BB28815D1100236AD2 /* Main.storyboard in Resources */,
			);
			runOnlyForDeploymentPostprocessing = 0;
		};
/* End PBXResourcesBuildPhase section */

/* Begin PBXShellScriptBuildPhase section */
		15F002A2FBB4F5CF32D45C1E /* [CP] Check Pods Manifest.lock */ = {
			isa = PBXShellScriptBuildPhase;
			buildActionMask = 2147483647;
			files = (
			);
			inputFileListPaths = (
			);
			inputPaths = (
				"${PODS_PODFILE_DIR_PATH}/Podfile.lock",
				"${PODS_ROOT}/Manifest.lock",
			);
			name = "[CP] Check Pods Manifest.lock";
			outputFileListPaths = (
			);
			outputPaths = (
				"$(DERIVED_FILE_DIR)/Pods-FirebaseConfig-checkManifestLockResult.txt",
			);
			runOnlyForDeploymentPostprocessing = 0;
			shellPath = /bin/sh;
			shellScript = "diff \"${PODS_PODFILE_DIR_PATH}/Podfile.lock\" \"${PODS_ROOT}/Manifest.lock\" > /dev/null\nif [ $? != 0 ] ; then\n    # print error to STDERR\n    echo \"error: The sandbox is not in sync with the Podfile.lock. Run 'pod install' or update your CocoaPods installation.\" >&2\n    exit 1\nfi\n# This output is used by Xcode 'outputs' to avoid re-running this script phase.\necho \"SUCCESS\" > \"${SCRIPT_OUTPUT_FILE_0}\"\n";
			showEnvVarsInLog = 0;
		};
		80C90C28AB6CED375D4CEA5B /* [CP] Embed Pods Frameworks */ = {
			isa = PBXShellScriptBuildPhase;
			buildActionMask = 2147483647;
			files = (
			);
			inputFileListPaths = (
				"${PODS_ROOT}/Target Support Files/Pods-FirebaseConfig/Pods-FirebaseConfig-frameworks-${CONFIGURATION}-input-files.xcfilelist",
			);
			name = "[CP] Embed Pods Frameworks";
			outputFileListPaths = (
				"${PODS_ROOT}/Target Support Files/Pods-FirebaseConfig/Pods-FirebaseConfig-frameworks-${CONFIGURATION}-output-files.xcfilelist",
			);
			runOnlyForDeploymentPostprocessing = 0;
			shellPath = /bin/sh;
			shellScript = "\"${PODS_ROOT}/Target Support Files/Pods-FirebaseConfig/Pods-FirebaseConfig-frameworks.sh\"\n";
			showEnvVarsInLog = 0;
		};
		8910FB112881703C00F8476A /* Google Analytics Run Script */ = {
			isa = PBXShellScriptBuildPhase;
			buildActionMask = 2147483647;
			files = (
			);
			inputFileListPaths = (
			);
			inputPaths = (
			);
			name = "Google Analytics Run Script";
			outputFileListPaths = (
			);
			outputPaths = (
			);
			runOnlyForDeploymentPostprocessing = 0;
			shellPath = /bin/sh;
			shellScript = "# Name of the resource \nGOOGLESERVICE_INFO_PLIST=GoogleService-Info.plist\n\n# Get references to dev and prod versions of the GoogleService-Info.plist\nGOOGLESERVICE_INFO_STG=${PROJECT_DIR}/${TARGET_NAME}/Firebase/Stg/${GOOGLESERVICE_INFO_PLIST}\nGOOGLESERVICE_INFO_PROD=${PROJECT_DIR}/${TARGET_NAME}/Firebase/Prod/${GOOGLESERVICE_INFO_PLIST}\n\n# Make sure the stg & prod version of GoogleService-Info.plist exists\necho \"Looking for ${GOOGLESERVICE_INFO_PLIST} in ${GOOGLESERVICE_INFO_STG}\"\nif [ ! -f $GOOGLESERVICE_INFO_STG ]\nthen\n    echo \"No Development GoogleService-Info.plist found. Please ensure it's in the proper directory.\"\n    exit 1\nfi\n\necho \"Looking for ${GOOGLESERVICE_INFO_PLIST} in ${GOOGLESERVICE_INFO_PROD}\"\nif [ ! -f $GOOGLESERVICE_INFO_PROD ]\nthen\n    echo \"No Production GoogleService-Info.plist found. Please ensure it's in the proper directory.\"\n    exit 1\nfi\n\n# Get a reference to the destination location for the GoogleService-Info.plist\nPLIST_DESTINATION=${BUILT_PRODUCTS_DIR}/${PRODUCT_NAME}.app\necho \"Will copy ${GOOGLESERVICE_INFO_PLIST} to final destination: ${PLIST_DESTINATION}\"\n\n\n# Copy over the stg GoogleService-Info.plist for Debug builds\nif [ \"${CONFIGURATION}\" == \"Debug\" ]\nthen\n    echo \"-> Using ${GOOGLESERVICE_INFO_STG}\"\n    echo \"-> Config ${CONFIGURATION}\"\n    cp \"${GOOGLESERVICE_INFO_STG}\" \"${PLIST_DESTINATION}\"\nelse\n    echo \"-> Using ${GOOGLESERVICE_INFO_PROD}\"\n    echo \"-> Config ${CONFIGURATION}\"\n    cp \"${GOOGLESERVICE_INFO_PROD}\" \"${PLIST_DESTINATION}\"\nfi\n";
		};
/* End PBXShellScriptBuildPhase section */

/* Begin PBXSourcesBuildPhase section */
		89D266AC28815D1100236AD2 /* Sources */ = {
			isa = PBXSourcesBuildPhase;
			buildActionMask = 2147483647;
			files = (
				89D266B828815D1100236AD2 /* ViewController.swift in Sources */,
				89D266B428815D1100236AD2 /* AppDelegate.swift in Sources */,
				89D266B628815D1100236AD2 /* SceneDelegate.swift in Sources */,
			);
			runOnlyForDeploymentPostprocessing = 0;
		};
/* End PBXSourcesBuildPhase section */

/* Begin PBXVariantGroup section */
		89D266B928815D1100236AD2 /* Main.storyboard */ = {
			isa = PBXVariantGroup;
			children = (
				89D266BA28815D1100236AD2 /* Base */,
			);
			name = Main.storyboard;
			sourceTree = "<group>";
		};
		89D266BE28815D1300236AD2 /* LaunchScreen.storyboard */ = {
			isa = PBXVariantGroup;
			children = (
				89D266BF28815D1300236AD2 /* Base */,
			);
			name = LaunchScreen.storyboard;
			sourceTree = "<group>";
		};
/* End PBXVariantGroup section */

/* Begin XCBuildConfiguration section */
		89D266C228815D1300236AD2 /* Debug */ = {
			isa = XCBuildConfiguration;
			buildSettings = {
				ALWAYS_SEARCH_USER_PATHS = NO;
				CLANG_ANALYZER_NONNULL = YES;
				CLANG_ANALYZER_NUMBER_OBJECT_CONVERSION = YES_AGGRESSIVE;
				CLANG_CXX_LANGUAGE_STANDARD = "gnu++17";
				CLANG_ENABLE_MODULES = YES;
				CLANG_ENABLE_OBJC_ARC = YES;
				CLANG_ENABLE_OBJC_WEAK = YES;
				CLANG_WARN_BLOCK_CAPTURE_AUTORELEASING = YES;
				CLANG_WARN_BOOL_CONVERSION = YES;
				CLANG_WARN_COMMA = YES;
				CLANG_WARN_CONSTANT_CONVERSION = YES;
				CLANG_WARN_DEPRECATED_OBJC_IMPLEMENTATIONS = YES;
				CLANG_WARN_DIRECT_OBJC_ISA_USAGE = YES_ERROR;
				CLANG_WARN_DOCUMENTATION_COMMENTS = YES;
				CLANG_WARN_EMPTY_BODY = YES;
				CLANG_WARN_ENUM_CONVERSION = YES;
				CLANG_WARN_INFINITE_RECURSION = YES;
				CLANG_WARN_INT_CONVERSION = YES;
				CLANG_WARN_NON_LITERAL_NULL_CONVERSION = YES;
				CLANG_WARN_OBJC_IMPLICIT_RETAIN_SELF = YES;
				CLANG_WARN_OBJC_LITERAL_CONVERSION = YES;
				CLANG_WARN_OBJC_ROOT_CLASS = YES_ERROR;
				CLANG_WARN_QUOTED_INCLUDE_IN_FRAMEWORK_HEADER = YES;
				CLANG_WARN_RANGE_LOOP_ANALYSIS = YES;
				CLANG_WARN_STRICT_PROTOTYPES = YES;
				CLANG_WARN_SUSPICIOUS_MOVE = YES;
				CLANG_WARN_UNGUARDED_AVAILABILITY = YES_AGGRESSIVE;
				CLANG_WARN_UNREACHABLE_CODE = YES;
				CLANG_WARN__DUPLICATE_METHOD_MATCH = YES;
				COPY_PHASE_STRIP = NO;
				DEBUG_INFORMATION_FORMAT = dwarf;
				ENABLE_STRICT_OBJC_MSGSEND = YES;
				ENABLE_TESTABILITY = YES;
				GCC_C_LANGUAGE_STANDARD = gnu11;
				GCC_DYNAMIC_NO_PIC = NO;
				GCC_NO_COMMON_BLOCKS = YES;
				GCC_OPTIMIZATION_LEVEL = 0;
				GCC_PREPROCESSOR_DEFINITIONS = (
					"DEBUG=1",
					"$(inherited)",
				);
				GCC_WARN_64_TO_32_BIT_CONVERSION = YES;
				GCC_WARN_ABOUT_RETURN_TYPE = YES_ERROR;
				GCC_WARN_UNDECLARED_SELECTOR = YES;
				GCC_WARN_UNINITIALIZED_AUTOS = YES_AGGRESSIVE;
				GCC_WARN_UNUSED_FUNCTION = YES;
				GCC_WARN_UNUSED_VARIABLE = YES;
				IPHONEOS_DEPLOYMENT_TARGET = 15.4;
				MTL_ENABLE_DEBUG_INFO = INCLUDE_SOURCE;
				MTL_FAST_MATH = YES;
				ONLY_ACTIVE_ARCH = YES;
				SDKROOT = iphoneos;
				SWIFT_ACTIVE_COMPILATION_CONDITIONS = DEBUG;
				SWIFT_OPTIMIZATION_LEVEL = "-Onone";
			};
			name = Debug;
		};
		89D266C328815D1300236AD2 /* Release */ = {
			isa = XCBuildConfiguration;
			buildSettings = {
				ALWAYS_SEARCH_USER_PATHS = NO;
				CLANG_ANALYZER_NONNULL = YES;
				CLANG_ANALYZER_NUMBER_OBJECT_CONVERSION = YES_AGGRESSIVE;
				CLANG_CXX_LANGUAGE_STANDARD = "gnu++17";
				CLANG_ENABLE_MODULES = YES;
				CLANG_ENABLE_OBJC_ARC = YES;
				CLANG_ENABLE_OBJC_WEAK = YES;
				CLANG_WARN_BLOCK_CAPTURE_AUTORELEASING = YES;
				CLANG_WARN_BOOL_CONVERSION = YES;
				CLANG_WARN_COMMA = YES;
				CLANG_WARN_CONSTANT_CONVERSION = YES;
				CLANG_WARN_DEPRECATED_OBJC_IMPLEMENTATIONS = YES;
				CLANG_WARN_DIRECT_OBJC_ISA_USAGE = YES_ERROR;
				CLANG_WARN_DOCUMENTATION_COMMENTS = YES;
				CLANG_WARN_EMPTY_BODY = YES;
				CLANG_WARN_ENUM_CONVERSION = YES;
				CLANG_WARN_INFINITE_RECURSION = YES;
				CLANG_WARN_INT_CONVERSION = YES;
				CLANG_WARN_NON_LITERAL_NULL_CONVERSION = YES;
				CLANG_WARN_OBJC_IMPLICIT_RETAIN_SELF = YES;
				CLANG_WARN_OBJC_LITERAL_CONVERSION = YES;
				CLANG_WARN_OBJC_ROOT_CLASS = YES_ERROR;
				CLANG_WARN_QUOTED_INCLUDE_IN_FRAMEWORK_HEADER = YES;
				CLANG_WARN_RANGE_LOOP_ANALYSIS = YES;
				CLANG_WARN_STRICT_PROTOTYPES = YES;
				CLANG_WARN_SUSPICIOUS_MOVE = YES;
				CLANG_WARN_UNGUARDED_AVAILABILITY = YES_AGGRESSIVE;
				CLANG_WARN_UNREACHABLE_CODE = YES;
				CLANG_WARN__DUPLICATE_METHOD_MATCH = YES;
				COPY_PHASE_STRIP = NO;
				DEBUG_INFORMATION_FORMAT = "dwarf-with-dsym";
				ENABLE_NS_ASSERTIONS = NO;
				ENABLE_STRICT_OBJC_MSGSEND = YES;
				GCC_C_LANGUAGE_STANDARD = gnu11;
				GCC_NO_COMMON_BLOCKS = YES;
				GCC_WARN_64_TO_32_BIT_CONVERSION = YES;
				GCC_WARN_ABOUT_RETURN_TYPE = YES_ERROR;
				GCC_WARN_UNDECLARED_SELECTOR = YES;
				GCC_WARN_UNINITIALIZED_AUTOS = YES_AGGRESSIVE;
				GCC_WARN_UNUSED_FUNCTION = YES;
				GCC_WARN_UNUSED_VARIABLE = YES;
				IPHONEOS_DEPLOYMENT_TARGET = 15.4;
				MTL_ENABLE_DEBUG_INFO = NO;
				MTL_FAST_MATH = YES;
				SDKROOT = iphoneos;
				SWIFT_COMPILATION_MODE = wholemodule;
				SWIFT_OPTIMIZATION_LEVEL = "-O";
				VALIDATE_PRODUCT = YES;
			};
			name = Release;
		};
		89D266C528815D1300236AD2 /* Debug */ = {
			isa = XCBuildConfiguration;
			baseConfigurationReference = 056C31BE830B97DDE9C32981 /* Pods-FirebaseConfig.debug.xcconfig */;
			buildSettings = {
				ASSETCATALOG_COMPILER_APPICON_NAME = AppIcon;
				ASSETCATALOG_COMPILER_GLOBAL_ACCENT_COLOR_NAME = AccentColor;
				CODE_SIGN_STYLE = Automatic;
				CURRENT_PROJECT_VERSION = 1;
				GENERATE_INFOPLIST_FILE = YES;
				INFOPLIST_FILE = FirebaseConfig/Info.plist;
				INFOPLIST_KEY_UIApplicationSupportsIndirectInputEvents = YES;
				INFOPLIST_KEY_UILaunchStoryboardName = LaunchScreen;
				INFOPLIST_KEY_UIMainStoryboardFile = Main;
				INFOPLIST_KEY_UISupportedInterfaceOrientations_iPad = "UIInterfaceOrientationPortrait UIInterfaceOrientationPortraitUpsideDown UIInterfaceOrientationLandscapeLeft UIInterfaceOrientationLandscapeRight";
				INFOPLIST_KEY_UISupportedInterfaceOrientations_iPhone = "UIInterfaceOrientationPortrait UIInterfaceOrientationLandscapeLeft UIInterfaceOrientationLandscapeRight";
				LD_RUNPATH_SEARCH_PATHS = (
					"$(inherited)",
					"@executable_path/Frameworks",
				);
				MARKETING_VERSION = 1.0;
				PRODUCT_BUNDLE_IDENTIFIER = com.arif.FirebaseConfig;
				PRODUCT_NAME = "$(TARGET_NAME)";
				SWIFT_EMIT_LOC_STRINGS = YES;
				SWIFT_VERSION = 5.0;
				TARGETED_DEVICE_FAMILY = "1,2";
			};
			name = Debug;
		};
		89D266C628815D1300236AD2 /* Release */ = {
			isa = XCBuildConfiguration;
			baseConfigurationReference = 71AA0837D0EC7DEA93F2257D /* Pods-FirebaseConfig.release.xcconfig */;
			buildSettings = {
				ASSETCATALOG_COMPILER_APPICON_NAME = AppIcon;
				ASSETCATALOG_COMPILER_GLOBAL_ACCENT_COLOR_NAME = AccentColor;
				CODE_SIGN_STYLE = Automatic;
				CURRENT_PROJECT_VERSION = 1;
				GENERATE_INFOPLIST_FILE = YES;
				INFOPLIST_FILE = FirebaseConfig/Info.plist;
				INFOPLIST_KEY_UIApplicationSupportsIndirectInputEvents = YES;
				INFOPLIST_KEY_UILaunchStoryboardName = LaunchScreen;
				INFOPLIST_KEY_UIMainStoryboardFile = Main;
				INFOPLIST_KEY_UISupportedInterfaceOrientations_iPad = "UIInterfaceOrientationPortrait UIInterfaceOrientationPortraitUpsideDown UIInterfaceOrientationLandscapeLeft UIInterfaceOrientationLandscapeRight";
				INFOPLIST_KEY_UISupportedInterfaceOrientations_iPhone = "UIInterfaceOrientationPortrait UIInterfaceOrientationLandscapeLeft UIInterfaceOrientationLandscapeRight";
				LD_RUNPATH_SEARCH_PATHS = (
					"$(inherited)",
					"@executable_path/Frameworks",
				);
				MARKETING_VERSION = 1.0;
				PRODUCT_BUNDLE_IDENTIFIER = com.arif.FirebaseConfig;
				PRODUCT_NAME = "$(TARGET_NAME)";
				SWIFT_EMIT_LOC_STRINGS = YES;
				SWIFT_VERSION = 5.0;
				TARGETED_DEVICE_FAMILY = "1,2";
			};
			name = Release;
		};
/* End XCBuildConfiguration section */

/* Begin XCConfigurationList section */
		89D266AB28815D1100236AD2 /* Build configuration list for PBXProject "FirebaseConfig" */ = {
			isa = XCConfigurationList;
			buildConfigurations = (
				89D266C228815D1300236AD2 /* Debug */,
				89D266C328815D1300236AD2 /* Release */,
			);
			defaultConfigurationIsVisible = 0;
			defaultConfigurationName = Release;
		};
		89D266C428815D1300236AD2 /* Build configuration list for PBXNativeTarget "FirebaseConfig" */ = {
			isa = XCConfigurationList;
			buildConfigurations = (
				89D266C528815D1300236AD2 /* Debug */,
				89D266C628815D1300236AD2 /* Release */,
			);
			defaultConfigurationIsVisible = 0;
			defaultConfigurationName = Release;
		};
/* End XCConfigurationList section */
	};
	rootObject = 89D266A828815D1100236AD2 /* Project object */;
}
